
Microsoft Visual Studio Solution File, Format Version 12.00
# Visual Studio Version 16
VisualStudioVersion = 16.0.29102.190
MinimumVisualStudioVersion = 10.0.40219.1
Project("{2150E333-8FDC-42A3-9474-1A3956D46DE8}") = ".paket", ".paket", "{63297B98-5CED-492C-A5B7-A5B4F73CF142}"
	ProjectSection(SolutionItems) = preProject
		paket.dependencies = paket.dependencies
		paket.lock = paket.lock
		paket.references = paket.references
	EndProjectSection
EndProject
Project("{2150E333-8FDC-42A3-9474-1A3956D46DE8}") = "docs", "docs", "{A6A6AF7D-D6E3-442D-9B1E-58CC91879BE1}"
EndProject
Project("{6EC3EE1D-3C4E-46DD-8F32-0CC8E7565705}") = "ProteomIQon", "src\ProteomIQon\ProteomIQon.fsproj", "{1E80598F-E8B1-441A-96A0-FE1A91E8C3DB}"
EndProject
Project("{2150E333-8FDC-42A3-9474-1A3956D46DE8}") = "project", "project", "{BF60BC93-E09B-4E5F-9D85-95A519479D54}"
	ProjectSection(SolutionItems) = preProject
		README.md = README.md
		RELEASE_NOTES.md = RELEASE_NOTES.md
	EndProjectSection
EndProject
Project("{2150E333-8FDC-42A3-9474-1A3956D46DE8}") = "tools", "tools", "{83F16175-43B1-4C90-A1EE-8E351C33435D}"
	ProjectSection(SolutionItems) = preProject
		docsrc\files\styles\CSBStyles.css = docsrc\files\styles\CSBStyles.css
		docsrc\tools\generate.fsx = docsrc\tools\generate.fsx
		docsrc\tools\templates\template.cshtml = docsrc\tools\templates\template.cshtml
	EndProjectSection
EndProject
Project("{2150E333-8FDC-42A3-9474-1A3956D46DE8}") = "content", "content", "{8E6D5255-776D-4B61-85F9-73C37AA1FB9A}"
	ProjectSection(SolutionItems) = preProject
		docsrc\content\index.fsx = docsrc\content\index.fsx
		docsrc\content\tutorial.fsx = docsrc\content\tutorial.fsx
	EndProjectSection
EndProject
Project("{2150E333-8FDC-42A3-9474-1A3956D46DE8}") = "tests", "tests", "{ED8079DD-2B06-4030-9F0F-DC548F98E1C4}"
EndProject
Project("{6EC3EE1D-3C4E-46DD-8F32-0CC8E7565705}") = "ProteomIQon.Tests", "tests\ProteomIQon.Tests\ProteomIQon.Tests.fsproj", "{C35B3137-198B-4B94-92D4-F8FB25F2E3BC}"
EndProject
Project("{2150E333-8FDC-42A3-9474-1A3956D46DE8}") = "git", "git", "{078A9C52-DDC1-46F4-9235-9E6C89C87AFD}"
	ProjectSection(SolutionItems) = preProject
		.gitattributes = .gitattributes
		.gitignore = .gitignore
		.github\ISSUE_TEMPLATE\bug_report.md = .github\ISSUE_TEMPLATE\bug_report.md
		CODE_OF_CONDUCT.md = CODE_OF_CONDUCT.md
		.github\CONTRIBUTING.md = .github\CONTRIBUTING.md
		.github\ISSUE_TEMPLATE\feature_request.md = .github\ISSUE_TEMPLATE\feature_request.md
		.github\ISSUE_TEMPLATE.md = .github\ISSUE_TEMPLATE.md
		PULL_REQUEST_TEMPLATE.md = PULL_REQUEST_TEMPLATE.md
	EndProjectSection
EndProject
Project("{2150E333-8FDC-42A3-9474-1A3956D46DE8}") = ".build", ".build", "{7C6D08E7-3EAC-4335-8F4B-252C193C27C9}"
	ProjectSection(SolutionItems) = preProject
		.travis.yml = .travis.yml
		appveyor.yml = appveyor.yml
		build.cmd = build.cmd
		build.fsx = build.fsx
		build.proj = build.proj
		build.sh = build.sh
	EndProjectSection
EndProject
Project("{2150E333-8FDC-42A3-9474-1A3956D46DE8}") = "src", "src", "{50F43FA1-4EF7-44AC-9621-34BF5E9D7135}"
EndProject
Project("{6EC3EE1D-3C4E-46DD-8F32-0CC8E7565705}") = "Preprocessing", "src\Preprocessing\Preprocessing.fsproj", "{0A1F9600-BCE9-4C30-BCB0-79862585653B}"
EndProject
Project("{6EC3EE1D-3C4E-46DD-8F32-0CC8E7565705}") = "PeptideDB", "src\PeptideDB\PeptideDB.fsproj", "{641B38D1-D3EC-4E07-9387-C3699FD59A83}"
EndProject
Project("{6EC3EE1D-3C4E-46DD-8F32-0CC8E7565705}") = "PeptideSpectrumMatching", "src\PeptideSpectrumMatching\PeptideSpectrumMatching.fsproj", "{0E0841CB-CA14-4745-B3ED-01B3EB0F7FF4}"
EndProject
Project("{6EC3EE1D-3C4E-46DD-8F32-0CC8E7565705}") = "PSMStatistics", "src\PSMStatistics\PSMStatistics.fsproj", "{E5CF9D4A-D466-47F7-85E5-91D5725F18F0}"
EndProject
Project("{6EC3EE1D-3C4E-46DD-8F32-0CC8E7565705}") = "PSMBasedQuantification", "src\PSMBasedQuantification\PSMBasedQuantification.fsproj", "{381152C1-F180-4589-9E1B-F9B63BE15FA4}"
EndProject
Global
	GlobalSection(SolutionConfigurationPlatforms) = preSolution
		Debug|Any CPU = Debug|Any CPU
		Release|Any CPU = Release|Any CPU
	EndGlobalSection
	GlobalSection(ProjectConfigurationPlatforms) = postSolution
		{1E80598F-E8B1-441A-96A0-FE1A91E8C3DB}.Debug|Any CPU.ActiveCfg = Debug|Any CPU
		{1E80598F-E8B1-441A-96A0-FE1A91E8C3DB}.Debug|Any CPU.Build.0 = Debug|Any CPU
		{1E80598F-E8B1-441A-96A0-FE1A91E8C3DB}.Release|Any CPU.ActiveCfg = Release|Any CPU
		{1E80598F-E8B1-441A-96A0-FE1A91E8C3DB}.Release|Any CPU.Build.0 = Release|Any CPU
		{C35B3137-198B-4B94-92D4-F8FB25F2E3BC}.Debug|Any CPU.ActiveCfg = Debug|Any CPU
		{C35B3137-198B-4B94-92D4-F8FB25F2E3BC}.Debug|Any CPU.Build.0 = Debug|Any CPU
		{C35B3137-198B-4B94-92D4-F8FB25F2E3BC}.Release|Any CPU.ActiveCfg = Release|Any CPU
		{C35B3137-198B-4B94-92D4-F8FB25F2E3BC}.Release|Any CPU.Build.0 = Release|Any CPU
		{0A1F9600-BCE9-4C30-BCB0-79862585653B}.Debug|Any CPU.ActiveCfg = Debug|Any CPU
		{0A1F9600-BCE9-4C30-BCB0-79862585653B}.Debug|Any CPU.Build.0 = Debug|Any CPU
		{0A1F9600-BCE9-4C30-BCB0-79862585653B}.Release|Any CPU.ActiveCfg = Release|Any CPU
		{0A1F9600-BCE9-4C30-BCB0-79862585653B}.Release|Any CPU.Build.0 = Release|Any CPU
		{641B38D1-D3EC-4E07-9387-C3699FD59A83}.Debug|Any CPU.ActiveCfg = Debug|Any CPU
		{641B38D1-D3EC-4E07-9387-C3699FD59A83}.Debug|Any CPU.Build.0 = Debug|Any CPU
		{641B38D1-D3EC-4E07-9387-C3699FD59A83}.Release|Any CPU.ActiveCfg = Release|Any CPU
		{641B38D1-D3EC-4E07-9387-C3699FD59A83}.Release|Any CPU.Build.0 = Release|Any CPU
		{0E0841CB-CA14-4745-B3ED-01B3EB0F7FF4}.Debug|Any CPU.ActiveCfg = Debug|Any CPU
		{0E0841CB-CA14-4745-B3ED-01B3EB0F7FF4}.Debug|Any CPU.Build.0 = Debug|Any CPU
		{0E0841CB-CA14-4745-B3ED-01B3EB0F7FF4}.Release|Any CPU.ActiveCfg = Release|Any CPU
		{0E0841CB-CA14-4745-B3ED-01B3EB0F7FF4}.Release|Any CPU.Build.0 = Release|Any CPU
		{E5CF9D4A-D466-47F7-85E5-91D5725F18F0}.Debug|Any CPU.ActiveCfg = Debug|Any CPU
		{E5CF9D4A-D466-47F7-85E5-91D5725F18F0}.Debug|Any CPU.Build.0 = Debug|Any CPU
		{E5CF9D4A-D466-47F7-85E5-91D5725F18F0}.Release|Any CPU.ActiveCfg = Release|Any CPU
		{E5CF9D4A-D466-47F7-85E5-91D5725F18F0}.Release|Any CPU.Build.0 = Release|Any CPU
		{381152C1-F180-4589-9E1B-F9B63BE15FA4}.Debug|Any CPU.ActiveCfg = Debug|Any CPU
		{381152C1-F180-4589-9E1B-F9B63BE15FA4}.Debug|Any CPU.Build.0 = Debug|Any CPU
		{381152C1-F180-4589-9E1B-F9B63BE15FA4}.Release|Any CPU.ActiveCfg = Release|Any CPU
		{381152C1-F180-4589-9E1B-F9B63BE15FA4}.Release|Any CPU.Build.0 = Release|Any CPU
	EndGlobalSection
	GlobalSection(SolutionProperties) = preSolution
		HideSolutionNode = FALSE
	EndGlobalSection
	GlobalSection(NestedProjects) = preSolution
		{83F16175-43B1-4C90-A1EE-8E351C33435D} = {A6A6AF7D-D6E3-442D-9B1E-58CC91879BE1}
		{8E6D5255-776D-4B61-85F9-73C37AA1FB9A} = {A6A6AF7D-D6E3-442D-9B1E-58CC91879BE1}
		{C35B3137-198B-4B94-92D4-F8FB25F2E3BC} = {ED8079DD-2B06-4030-9F0F-DC548F98E1C4}
	EndGlobalSection
	GlobalSection(ExtensibilityGlobals) = postSolution
		SolutionGuid = {D55EAFC0-7966-48AB-9DF6-8CFA23ABABB1}
	EndGlobalSection
EndGlobal
