
Microsoft Visual Studio Solution File, Format Version 12.00
# Visual Studio Version 17
VisualStudioVersion = 17.0.31903.59
MinimumVisualStudioVersion = 10.0.40219.1
Project("{2150E333-8FDC-42A3-9474-1A3956D46DE8}") = ".paket", ".paket", "{63297B98-5CED-492C-A5B7-A5B4F73CF142}"
	ProjectSection(SolutionItems) = preProject
		paket.dependencies = paket.dependencies
		paket.lock = paket.lock
		paket.references = paket.references
	EndProjectSection
EndProject
Project("{6EC3EE1D-3C4E-46DD-8F32-0CC8E7565705}") = "ProteomIQon", "src\ProteomIQon\ProteomIQon.fsproj", "{1E80598F-E8B1-441A-96A0-FE1A91E8C3DB}"
EndProject
Project("{2150E333-8FDC-42A3-9474-1A3956D46DE8}") = "project", "project", "{BF60BC93-E09B-4E5F-9D85-95A519479D54}"
	ProjectSection(SolutionItems) = preProject
		README.md = README.md
		RELEASE_NOTES.md = RELEASE_NOTES.md
	EndProjectSection
EndProject
Project("{2150E333-8FDC-42A3-9474-1A3956D46DE8}") = "tests", "tests", "{ED8079DD-2B06-4030-9F0F-DC548F98E1C4}"
EndProject
Project("{2150E333-8FDC-42A3-9474-1A3956D46DE8}") = "git", "git", "{078A9C52-DDC1-46F4-9235-9E6C89C87AFD}"
	ProjectSection(SolutionItems) = preProject
		.gitattributes = .gitattributes
		.gitignore = .gitignore
		.github\ISSUE_TEMPLATE\bug_report.md = .github\ISSUE_TEMPLATE\bug_report.md
		CODE_OF_CONDUCT.md = CODE_OF_CONDUCT.md
		.github\CONTRIBUTING.md = .github\CONTRIBUTING.md
		.github\ISSUE_TEMPLATE\feature_request.md = .github\ISSUE_TEMPLATE\feature_request.md
		.github\ISSUE_TEMPLATE.md = .github\ISSUE_TEMPLATE.md
		PULL_REQUEST_TEMPLATE.md = PULL_REQUEST_TEMPLATE.md
	EndProjectSection
EndProject
Project("{2150E333-8FDC-42A3-9474-1A3956D46DE8}") = ".build", ".build", "{7C6D08E7-3EAC-4335-8F4B-252C193C27C9}"
	ProjectSection(SolutionItems) = preProject
		.travis.yml = .travis.yml
		appveyor.yml = appveyor.yml
		build.cmd = build.cmd
		build.fsx = build.fsx
		build.proj = build.proj
		build.sh = build.sh
	EndProjectSection
EndProject
Project("{6EC3EE1D-3C4E-46DD-8F32-0CC8E7565705}") = "Preprocessing", "src\Preprocessing\Preprocessing.fsproj", "{0A1F9600-BCE9-4C30-BCB0-79862585653B}"
EndProject
Project("{6EC3EE1D-3C4E-46DD-8F32-0CC8E7565705}") = "PeptideDB", "src\PeptideDB\PeptideDB.fsproj", "{641B38D1-D3EC-4E07-9387-C3699FD59A83}"
EndProject
Project("{6EC3EE1D-3C4E-46DD-8F32-0CC8E7565705}") = "PeptideSpectrumMatching", "src\PeptideSpectrumMatching\PeptideSpectrumMatching.fsproj", "{0E0841CB-CA14-4745-B3ED-01B3EB0F7FF4}"
EndProject
Project("{6EC3EE1D-3C4E-46DD-8F32-0CC8E7565705}") = "PSMStatistics", "src\PSMStatistics\PSMStatistics.fsproj", "{E5CF9D4A-D466-47F7-85E5-91D5725F18F0}"
EndProject
Project("{6EC3EE1D-3C4E-46DD-8F32-0CC8E7565705}") = "PSMBasedQuantification", "src\PSMBasedQuantification\PSMBasedQuantification.fsproj", "{381152C1-F180-4589-9E1B-F9B63BE15FA4}"
EndProject
Project("{6EC3EE1D-3C4E-46DD-8F32-0CC8E7565705}") = "ProteinInference", "src\ProteinInference\ProteinInference.fsproj", "{05F0A998-5079-4538-9E40-07DB279C1467}"
EndProject
Project("{6EC3EE1D-3C4E-46DD-8F32-0CC8E7565705}") = "SpectralLibrary", "src\SpectralLibrary\SpectralLibrary.fsproj", "{BE399297-D833-4646-B996-7C018332F540}"
EndProject
Project("{6EC3EE1D-3C4E-46DD-8F32-0CC8E7565705}") = "ConsensusSpectralLibrary", "src\ConsensusSpectralLibrary\ConsensusSpectralLibrary.fsproj", "{27D46B9F-885C-4F89-813A-93290D4E85B4}"
EndProject
Project("{6EC3EE1D-3C4E-46DD-8F32-0CC8E7565705}") = "SWATHAnalysis", "src\SWATHAnalysis\SWATHAnalysis.fsproj", "{F60277D2-F34D-44DE-9883-52599D3856B7}"
EndProject
Project("{6EC3EE1D-3C4E-46DD-8F32-0CC8E7565705}") = "QuantBasedAlignment", "src\QuantBasedAlignment\QuantBasedAlignment.fsproj", "{CBC9F474-4C5E-41BB-A831-BE0FE4494C31}"
EndProject
Project("{6EC3EE1D-3C4E-46DD-8F32-0CC8E7565705}") = "AlignmentBasedQuantification", "src\AlignmentBasedQuantification\AlignmentBasedQuantification.fsproj", "{527E92D5-AD92-4D6F-9511-623DB119E79A}"
EndProject
Project("{6EC3EE1D-3C4E-46DD-8F32-0CC8E7565705}") = "TableSort", "src\TableSort\TableSort.fsproj", "{A52E3716-DDD8-4F39-A6DB-ED7A968C88D7}"
EndProject
Project("{6EC3EE1D-3C4E-46DD-8F32-0CC8E7565705}") = "MzTAB", "src\MzTAB\MzTAB.fsproj", "{6191DF58-9C33-4A08-B1B2-FB04FE899198}"
EndProject
Project("{6EC3EE1D-3C4E-46DD-8F32-0CC8E7565705}") = "MzMLToMzLite", "src\MzMLToMzLite\MzMLToMzLite.fsproj", "{03B7477E-A891-4AEC-B142-3170B1FF21DE}"
EndProject
Project("{6EC3EE1D-3C4E-46DD-8F32-0CC8E7565705}") = "ProteomIQon.Tests", "tests\ProteomIQon.Tests\ProteomIQon.Tests.fsproj", "{57D972AD-99A0-4354-9DDF-7E0938497454}"
EndProject
Project("{6EC3EE1D-3C4E-46DD-8F32-0CC8E7565705}") = "JoinQuantPepIonsWithProteins", "src\JoinQuantPepIonsWithProteins\JoinQuantPepIonsWithProteins.fsproj", "{1260503B-4EF4-4786-AE09-BDE64A7DE193}"
EndProject
Project("{6EC3EE1D-3C4E-46DD-8F32-0CC8E7565705}") = "LabeledProteinQuantification", "src\LabeledProteinQuantification\LabeledProteinQuantification.fsproj", "{EB95FF6C-6FF0-49EE-BDFC-C480016DA787}"
EndProject
Project("{2150E333-8FDC-42A3-9474-1A3956D46DE8}") = "docs", "docs", "{57FEA09C-F27E-4BDF-9761-6BDB8DFA6100}"
	ProjectSection(SolutionItems) = preProject
		docs\tools\AddDeducedPeptides.fsx = docs\tools\AddDeducedPeptides.fsx
		docs\tools\JoinQuantPepIonsWithProteins.fsx = docs\tools\JoinQuantPepIonsWithProteins.fsx
		docs\tools\LabeledProteinQuantification.fsx = docs\tools\LabeledProteinQuantification.fsx
		docs\tools\LabelFreeProteinQuantification.fsx = docs\tools\LabelFreeProteinQuantification.fsx
		docs\tools\MzMLToMzLite.fsx = docs\tools\MzMLToMzLite.fsx
		docs\tools\PeptideDB.fsx = docs\tools\PeptideDB.fsx
		docs\tools\PeptideSpectrumMatching.fsx = docs\tools\PeptideSpectrumMatching.fsx
		docs\tools\ProteinInference.fsx = docs\tools\ProteinInference.fsx
		docs\tools\PSMBasedQuantification.fsx = docs\tools\PSMBasedQuantification.fsx
		docs\tools\PSMStatistics.fsx = docs\tools\PSMStatistics.fsx
	EndProjectSection
EndProject
Project("{6EC3EE1D-3C4E-46DD-8F32-0CC8E7565705}") = "MzliteToMzML", "src\MzliteToMzML\MzliteToMzML.fsproj", "{9F43B573-639B-42B3-A3BE-9722FC513A7F}"
EndProject
Project("{6EC3EE1D-3C4E-46DD-8F32-0CC8E7565705}") = "LabelFreeProteinQuantification", "src\LabelFreeProteinQuantification\LabelFreeProteinQuantification.fsproj", "{7F8A4865-E8E1-4A68-B01C-FC7BABBDA1B3}"
EndProject
Project("{6EC3EE1D-3C4E-46DD-8F32-0CC8E7565705}") = "QuantBasedAlignment_linux-x64", "src\QuantBasedAlignment_linux-x64\QuantBasedAlignment_linux-x64.fsproj", "{E057C1BC-ED91-4A9F-9F52-B6C6AD35F610}"
EndProject
Project("{6EC3EE1D-3C4E-46DD-8F32-0CC8E7565705}") = "QuantBasedAlignment_win-x64", "src\QuantBasedAlignment_win-x64\QuantBasedAlignment_win-x64.fsproj", "{5313041F-68F0-4858-8671-D7B08BF1A05F}"
EndProject
Project("{6EC3EE1D-3C4E-46DD-8F32-0CC8E7565705}") = "AddDeducedPeptides", "src\AddDeducedPeptides\AddDeducedPeptides.fsproj", "{47D4F25C-B881-4CCC-9D8A-6B6AA081AC1C}"
EndProject
Project("{6EC3EE1D-3C4E-46DD-8F32-0CC8E7565705}") = "AlignmentBasedQuantStatistics", "src\AlignmentBasedQuantStatistics\AlignmentBasedQuantStatistics.fsproj", "{96ACA5F1-71C2-4673-A1C5-548D07089DFB}"
EndProject
Project("{2150E333-8FDC-42A3-9474-1A3956D46DE8}") = "src", "src", "{7B4DC16D-0767-4385-9776-AE3F0F756611}"
EndProject
Project("{6EC3EE1D-3C4E-46DD-8F32-0CC8E7565705}") = "LabelEfficiencyCalculator", "src\LabelEfficiencyCalculator\LabelEfficiencyCalculator.fsproj", "{79B70F9A-651C-4147-84D2-700166C77E6A}"
EndProject
Project("{6EC3EE1D-3C4E-46DD-8F32-0CC8E7565705}") = "MzMLToMzLiteIonMobility", "src\MzMLToMzLiteIonMobility\MzMLToMzLiteIonMobility.fsproj", "{B5A24C93-841B-4B56-A258-60D28D4C29E3}"
EndProject
Global
	GlobalSection(SolutionConfigurationPlatforms) = preSolution
		Debug|Any CPU = Debug|Any CPU
		Release|Any CPU = Release|Any CPU
	EndGlobalSection
	GlobalSection(ProjectConfigurationPlatforms) = postSolution
		{1E80598F-E8B1-441A-96A0-FE1A91E8C3DB}.Debug|Any CPU.ActiveCfg = Debug|Any CPU
		{1E80598F-E8B1-441A-96A0-FE1A91E8C3DB}.Debug|Any CPU.Build.0 = Debug|Any CPU
		{1E80598F-E8B1-441A-96A0-FE1A91E8C3DB}.Release|Any CPU.ActiveCfg = Release|Any CPU
		{1E80598F-E8B1-441A-96A0-FE1A91E8C3DB}.Release|Any CPU.Build.0 = Release|Any CPU
		{0A1F9600-BCE9-4C30-BCB0-79862585653B}.Debug|Any CPU.ActiveCfg = Debug|Any CPU
		{0A1F9600-BCE9-4C30-BCB0-79862585653B}.Debug|Any CPU.Build.0 = Debug|Any CPU
		{0A1F9600-BCE9-4C30-BCB0-79862585653B}.Release|Any CPU.ActiveCfg = Release|Any CPU
		{0A1F9600-BCE9-4C30-BCB0-79862585653B}.Release|Any CPU.Build.0 = Release|Any CPU
		{641B38D1-D3EC-4E07-9387-C3699FD59A83}.Debug|Any CPU.ActiveCfg = Debug|Any CPU
		{641B38D1-D3EC-4E07-9387-C3699FD59A83}.Debug|Any CPU.Build.0 = Debug|Any CPU
		{641B38D1-D3EC-4E07-9387-C3699FD59A83}.Release|Any CPU.ActiveCfg = Release|Any CPU
		{641B38D1-D3EC-4E07-9387-C3699FD59A83}.Release|Any CPU.Build.0 = Release|Any CPU
		{0E0841CB-CA14-4745-B3ED-01B3EB0F7FF4}.Debug|Any CPU.ActiveCfg = Debug|Any CPU
		{0E0841CB-CA14-4745-B3ED-01B3EB0F7FF4}.Debug|Any CPU.Build.0 = Debug|Any CPU
		{0E0841CB-CA14-4745-B3ED-01B3EB0F7FF4}.Release|Any CPU.ActiveCfg = Release|Any CPU
		{0E0841CB-CA14-4745-B3ED-01B3EB0F7FF4}.Release|Any CPU.Build.0 = Release|Any CPU
		{E5CF9D4A-D466-47F7-85E5-91D5725F18F0}.Debug|Any CPU.ActiveCfg = Debug|Any CPU
		{E5CF9D4A-D466-47F7-85E5-91D5725F18F0}.Debug|Any CPU.Build.0 = Debug|Any CPU
		{E5CF9D4A-D466-47F7-85E5-91D5725F18F0}.Release|Any CPU.ActiveCfg = Release|Any CPU
		{E5CF9D4A-D466-47F7-85E5-91D5725F18F0}.Release|Any CPU.Build.0 = Release|Any CPU
		{381152C1-F180-4589-9E1B-F9B63BE15FA4}.Debug|Any CPU.ActiveCfg = Debug|Any CPU
		{381152C1-F180-4589-9E1B-F9B63BE15FA4}.Debug|Any CPU.Build.0 = Debug|Any CPU
		{381152C1-F180-4589-9E1B-F9B63BE15FA4}.Release|Any CPU.ActiveCfg = Release|Any CPU
		{381152C1-F180-4589-9E1B-F9B63BE15FA4}.Release|Any CPU.Build.0 = Release|Any CPU
		{05F0A998-5079-4538-9E40-07DB279C1467}.Debug|Any CPU.ActiveCfg = Debug|Any CPU
		{05F0A998-5079-4538-9E40-07DB279C1467}.Debug|Any CPU.Build.0 = Debug|Any CPU
		{05F0A998-5079-4538-9E40-07DB279C1467}.Release|Any CPU.ActiveCfg = Release|Any CPU
		{05F0A998-5079-4538-9E40-07DB279C1467}.Release|Any CPU.Build.0 = Release|Any CPU
		{BE399297-D833-4646-B996-7C018332F540}.Debug|Any CPU.ActiveCfg = Debug|Any CPU
		{BE399297-D833-4646-B996-7C018332F540}.Debug|Any CPU.Build.0 = Debug|Any CPU
		{BE399297-D833-4646-B996-7C018332F540}.Release|Any CPU.ActiveCfg = Release|Any CPU
		{BE399297-D833-4646-B996-7C018332F540}.Release|Any CPU.Build.0 = Release|Any CPU
		{27D46B9F-885C-4F89-813A-93290D4E85B4}.Debug|Any CPU.ActiveCfg = Debug|Any CPU
		{27D46B9F-885C-4F89-813A-93290D4E85B4}.Debug|Any CPU.Build.0 = Debug|Any CPU
		{27D46B9F-885C-4F89-813A-93290D4E85B4}.Release|Any CPU.ActiveCfg = Release|Any CPU
		{27D46B9F-885C-4F89-813A-93290D4E85B4}.Release|Any CPU.Build.0 = Release|Any CPU
		{F60277D2-F34D-44DE-9883-52599D3856B7}.Debug|Any CPU.ActiveCfg = Debug|Any CPU
		{F60277D2-F34D-44DE-9883-52599D3856B7}.Debug|Any CPU.Build.0 = Debug|Any CPU
		{F60277D2-F34D-44DE-9883-52599D3856B7}.Release|Any CPU.ActiveCfg = Release|Any CPU
		{F60277D2-F34D-44DE-9883-52599D3856B7}.Release|Any CPU.Build.0 = Release|Any CPU
		{CBC9F474-4C5E-41BB-A831-BE0FE4494C31}.Debug|Any CPU.ActiveCfg = Debug|Any CPU
		{CBC9F474-4C5E-41BB-A831-BE0FE4494C31}.Debug|Any CPU.Build.0 = Debug|Any CPU
		{CBC9F474-4C5E-41BB-A831-BE0FE4494C31}.Release|Any CPU.ActiveCfg = Release|Any CPU
		{CBC9F474-4C5E-41BB-A831-BE0FE4494C31}.Release|Any CPU.Build.0 = Release|Any CPU
		{527E92D5-AD92-4D6F-9511-623DB119E79A}.Debug|Any CPU.ActiveCfg = Debug|Any CPU
		{527E92D5-AD92-4D6F-9511-623DB119E79A}.Debug|Any CPU.Build.0 = Debug|Any CPU
		{527E92D5-AD92-4D6F-9511-623DB119E79A}.Release|Any CPU.ActiveCfg = Release|Any CPU
		{527E92D5-AD92-4D6F-9511-623DB119E79A}.Release|Any CPU.Build.0 = Release|Any CPU
		{A52E3716-DDD8-4F39-A6DB-ED7A968C88D7}.Debug|Any CPU.ActiveCfg = Debug|Any CPU
		{A52E3716-DDD8-4F39-A6DB-ED7A968C88D7}.Debug|Any CPU.Build.0 = Debug|Any CPU
		{A52E3716-DDD8-4F39-A6DB-ED7A968C88D7}.Release|Any CPU.ActiveCfg = Release|Any CPU
		{A52E3716-DDD8-4F39-A6DB-ED7A968C88D7}.Release|Any CPU.Build.0 = Release|Any CPU
		{6191DF58-9C33-4A08-B1B2-FB04FE899198}.Debug|Any CPU.ActiveCfg = Debug|Any CPU
		{6191DF58-9C33-4A08-B1B2-FB04FE899198}.Debug|Any CPU.Build.0 = Debug|Any CPU
		{6191DF58-9C33-4A08-B1B2-FB04FE899198}.Release|Any CPU.ActiveCfg = Release|Any CPU
		{6191DF58-9C33-4A08-B1B2-FB04FE899198}.Release|Any CPU.Build.0 = Release|Any CPU
		{03B7477E-A891-4AEC-B142-3170B1FF21DE}.Debug|Any CPU.ActiveCfg = Debug|Any CPU
		{03B7477E-A891-4AEC-B142-3170B1FF21DE}.Debug|Any CPU.Build.0 = Debug|Any CPU
		{03B7477E-A891-4AEC-B142-3170B1FF21DE}.Release|Any CPU.ActiveCfg = Release|Any CPU
		{03B7477E-A891-4AEC-B142-3170B1FF21DE}.Release|Any CPU.Build.0 = Release|Any CPU
		{57D972AD-99A0-4354-9DDF-7E0938497454}.Debug|Any CPU.ActiveCfg = Debug|Any CPU
		{57D972AD-99A0-4354-9DDF-7E0938497454}.Debug|Any CPU.Build.0 = Debug|Any CPU
		{57D972AD-99A0-4354-9DDF-7E0938497454}.Release|Any CPU.ActiveCfg = Release|Any CPU
		{57D972AD-99A0-4354-9DDF-7E0938497454}.Release|Any CPU.Build.0 = Release|Any CPU
		{1260503B-4EF4-4786-AE09-BDE64A7DE193}.Debug|Any CPU.ActiveCfg = Debug|Any CPU
		{1260503B-4EF4-4786-AE09-BDE64A7DE193}.Debug|Any CPU.Build.0 = Debug|Any CPU
		{1260503B-4EF4-4786-AE09-BDE64A7DE193}.Release|Any CPU.ActiveCfg = Release|Any CPU
		{1260503B-4EF4-4786-AE09-BDE64A7DE193}.Release|Any CPU.Build.0 = Release|Any CPU
		{EB95FF6C-6FF0-49EE-BDFC-C480016DA787}.Debug|Any CPU.ActiveCfg = Debug|Any CPU
		{EB95FF6C-6FF0-49EE-BDFC-C480016DA787}.Debug|Any CPU.Build.0 = Debug|Any CPU
		{EB95FF6C-6FF0-49EE-BDFC-C480016DA787}.Release|Any CPU.ActiveCfg = Release|Any CPU
		{EB95FF6C-6FF0-49EE-BDFC-C480016DA787}.Release|Any CPU.Build.0 = Release|Any CPU
		{9F43B573-639B-42B3-A3BE-9722FC513A7F}.Debug|Any CPU.ActiveCfg = Debug|Any CPU
		{9F43B573-639B-42B3-A3BE-9722FC513A7F}.Debug|Any CPU.Build.0 = Debug|Any CPU
		{9F43B573-639B-42B3-A3BE-9722FC513A7F}.Release|Any CPU.ActiveCfg = Release|Any CPU
		{9F43B573-639B-42B3-A3BE-9722FC513A7F}.Release|Any CPU.Build.0 = Release|Any CPU
		{7F8A4865-E8E1-4A68-B01C-FC7BABBDA1B3}.Debug|Any CPU.ActiveCfg = Debug|Any CPU
		{7F8A4865-E8E1-4A68-B01C-FC7BABBDA1B3}.Debug|Any CPU.Build.0 = Debug|Any CPU
		{7F8A4865-E8E1-4A68-B01C-FC7BABBDA1B3}.Release|Any CPU.ActiveCfg = Release|Any CPU
		{7F8A4865-E8E1-4A68-B01C-FC7BABBDA1B3}.Release|Any CPU.Build.0 = Release|Any CPU
		{E057C1BC-ED91-4A9F-9F52-B6C6AD35F610}.Debug|Any CPU.ActiveCfg = Debug|Any CPU
		{E057C1BC-ED91-4A9F-9F52-B6C6AD35F610}.Debug|Any CPU.Build.0 = Debug|Any CPU
		{E057C1BC-ED91-4A9F-9F52-B6C6AD35F610}.Release|Any CPU.ActiveCfg = Release|Any CPU
		{E057C1BC-ED91-4A9F-9F52-B6C6AD35F610}.Release|Any CPU.Build.0 = Release|Any CPU
		{5313041F-68F0-4858-8671-D7B08BF1A05F}.Debug|Any CPU.ActiveCfg = Debug|Any CPU
		{5313041F-68F0-4858-8671-D7B08BF1A05F}.Debug|Any CPU.Build.0 = Debug|Any CPU
		{5313041F-68F0-4858-8671-D7B08BF1A05F}.Release|Any CPU.ActiveCfg = Release|Any CPU
		{5313041F-68F0-4858-8671-D7B08BF1A05F}.Release|Any CPU.Build.0 = Release|Any CPU
		{47D4F25C-B881-4CCC-9D8A-6B6AA081AC1C}.Debug|Any CPU.ActiveCfg = Debug|Any CPU
		{47D4F25C-B881-4CCC-9D8A-6B6AA081AC1C}.Debug|Any CPU.Build.0 = Debug|Any CPU
		{47D4F25C-B881-4CCC-9D8A-6B6AA081AC1C}.Release|Any CPU.ActiveCfg = Release|Any CPU
		{47D4F25C-B881-4CCC-9D8A-6B6AA081AC1C}.Release|Any CPU.Build.0 = Release|Any CPU
		{96ACA5F1-71C2-4673-A1C5-548D07089DFB}.Debug|Any CPU.ActiveCfg = Debug|Any CPU
		{96ACA5F1-71C2-4673-A1C5-548D07089DFB}.Debug|Any CPU.Build.0 = Debug|Any CPU
		{96ACA5F1-71C2-4673-A1C5-548D07089DFB}.Release|Any CPU.ActiveCfg = Release|Any CPU
		{96ACA5F1-71C2-4673-A1C5-548D07089DFB}.Release|Any CPU.Build.0 = Release|Any CPU
		{79B70F9A-651C-4147-84D2-700166C77E6A}.Debug|Any CPU.ActiveCfg = Debug|Any CPU
		{79B70F9A-651C-4147-84D2-700166C77E6A}.Debug|Any CPU.Build.0 = Debug|Any CPU
		{79B70F9A-651C-4147-84D2-700166C77E6A}.Release|Any CPU.ActiveCfg = Release|Any CPU
		{79B70F9A-651C-4147-84D2-700166C77E6A}.Release|Any CPU.Build.0 = Release|Any CPU
		{B5A24C93-841B-4B56-A258-60D28D4C29E3}.Debug|Any CPU.ActiveCfg = Debug|Any CPU
		{B5A24C93-841B-4B56-A258-60D28D4C29E3}.Debug|Any CPU.Build.0 = Debug|Any CPU
		{B5A24C93-841B-4B56-A258-60D28D4C29E3}.Release|Any CPU.ActiveCfg = Release|Any CPU
		{B5A24C93-841B-4B56-A258-60D28D4C29E3}.Release|Any CPU.Build.0 = Release|Any CPU
	EndGlobalSection
	GlobalSection(SolutionProperties) = preSolution
		HideSolutionNode = FALSE
	EndGlobalSection
	GlobalSection(NestedProjects) = preSolution
		{57D972AD-99A0-4354-9DDF-7E0938497454} = {ED8079DD-2B06-4030-9F0F-DC548F98E1C4}
	EndGlobalSection
	GlobalSection(ExtensibilityGlobals) = postSolution
		SolutionGuid = {D55EAFC0-7966-48AB-9DF6-8CFA23ABABB1}
	EndGlobalSection
EndGlobal
